PODS:
  - Bytedance-UnionAD (2.9.0.1)
  - GDTMobSDK (4.10.10):
    - GDTMobSDK/GDTMobSDK (= 4.10.10)
  - GDTMobSDK/GDTMobSDK (4.10.10)
  - HTAdSDK (0.1.0):
    - Bytedance-UnionAD
    - GDTMobSDK
    - UMCCommon
  - UMCCommon (7.1.0)

DEPENDENCIES:
  - HTAdSDK (from `../`)

SPEC REPOS:
  trunk:
    - Bytedance-UnionAD
    - GDTMobSDK
    - UMCCommon

EXTERNAL SOURCES:
  HTAdSDK:
    :path: "../"

SPEC CHECKSUMS:
  Bytedance-UnionAD: e145f7e98e5a714332d7d31e764696e569483755
  GDTMobSDK: 374d0d956687ed5e2eb96ff98d3b5d814074b255
  HTAdSDK: 7a31b126755a7aadd7f16003ad9610e6e3f70ab8
  UMCCommon: 4e80f93492d300245683236668763dc5d0b04dbd

PODFILE CHECKSUM: 6bc72cfd0b356b60e81143e2e406f34d6e8e931a

COCOAPODS: 1.9.3
