PODS:
  - Bytedance-UnionAD (2.9.0.1)
  - GDTMobSDK (4.10.10):
    - GDTMobSDK/GDTMobSDK (= 4.10.10)
  - GDTMobSDK/GDTMobSDK (4.10.10)
  - HTAdSDK (0.1.0):
    - Bytedance-UnionAD
    - GDTMobSDK

DEPENDENCIES:
  - HTAdSDK (from `../`)

SPEC REPOS:
  trunk:
    - Bytedance-UnionAD
    - GDTMobSDK

EXTERNAL SOURCES:
  HTAdSDK:
    :path: "../"

SPEC CHECKSUMS:
  Bytedance-UnionAD: e145f7e98e5a714332d7d31e764696e569483755
  GDTMobSDK: 374d0d956687ed5e2eb96ff98d3b5d814074b255
  HTAdSDK: 049d46e4860294eb268c91a3f6a5943d1d746a20

PODFILE CHECKSUM: 6bc72cfd0b356b60e81143e2e406f34d6e8e931a

COCOAPODS: 1.9.3
