PODS:
  - Bytedance-UnionAD (3.1.0.9)
  - GDTMobSDK (4.11.10):
    - GDTMobSDK/GDTMobSDK (= 4.11.10)
  - GDTMobSDK/GDTMobSDK (4.11.10)
  - HTAdSDK (0.1.1):
    - Bytedance-UnionAD
    - GDTMobSDK
    - UMCCommon
  - UMCCommon (7.1.1)

DEPENDENCIES:
  - HTAdSDK (from `../`)

SPEC REPOS:
  trunk:
    - Bytedance-UnionAD
    - GDTMobSDK
    - UMCCommon

EXTERNAL SOURCES:
  HTAdSDK:
    :path: "../"

SPEC CHECKSUMS:
  Bytedance-UnionAD: b841f3266c48da4f1153032589ec95dc1f26e131
  GDTMobSDK: a1fddadfa32cf4e95d3f70c96677a35c156989f8
  HTAdSDK: b30577c26540f605a98c4791d724d5adb0d36966
  UMCCommon: f455f92c125342e360d6ad9eafe484945351eeb5

PODFILE CHECKSUM: 2c56fb613c70ef06ea01d9eaef2d3eaf12120689

COCOAPODS: 1.9.3
